
Microsoft Visual Studio Solution File, Format Version 12.00
# Visual Studio Version 17
VisualStudioVersion = 17.8.34227.203
MinimumVisualStudioVersion = 10.0.40219.1
Project("{FAE04EC0-301F-11D3-BF4B-00C04F79EFBC}") = "SqlUnitTestDemo", "SqlUnitTestDemo.csproj", "{B8068931-43CD-4B70-81AE-53543DFB5F7C}"
EndProject
Global
	GlobalSection(SolutionConfigurationPlatforms) = preSolution
		Debug|Any CPU = Debug|Any CPU
		Release|Any CPU = Release|Any CPU
	EndGlobalSection
	GlobalSection(ProjectConfigurationPlatforms) = postSolution
		{B8068931-43CD-4B70-81AE-53543DFB5F7C}.Debug|Any CPU.ActiveCfg = Debug|Any CPU
		{B8068931-43CD-4B70-81AE-53543DFB5F7C}.Debug|Any CPU.Build.0 = Debug|Any CPU
		{B8068931-43CD-4B70-81AE-53543DFB5F7C}.Release|Any CPU.ActiveCfg = Release|Any CPU
		{B8068931-43CD-4B70-81AE-53543DFB5F7C}.Release|Any CPU.Build.0 = Release|Any CPU
	EndGlobalSection
	GlobalSection(SolutionProperties) = preSolution
		HideSolutionNode = FALSE
	EndGlobalSection
	GlobalSection(ExtensibilityGlobals) = postSolution
		SolutionGuid = {8739BB17-B8CF-42C7-A470-BC6F8D8D0198}
	EndGlobalSection
EndGlobal
